// !$*UTF8*$!
{
	archiveVersion = 1;
	classes = {
	};
	objectVersion = 77;
	objects = {

/* Begin PBXBuildFile section */
		17D216F8F91FE77B7AE0AD34 /* Main.swift in Sources */ = {isa = PBXBuildFile; fileRef = 8A914524DE738D5B82F7761E /* Main.swift */; };
		20DF0B41D014762ECA024BCB /* AppActions.swift in Sources */ = {isa = PBXBuildFile; fileRef = B1BBCCEA1002710C169F6641 /* AppActions.swift */; };
		24D394E5E965795763EAAEF4 /* StatusIconRenderer.swift in Sources */ = {isa = PBXBuildFile; fileRef = 0CC8053760D622F2FF04D61B /* StatusIconRenderer.swift */; };
		33F3A109BE94C8CCF3972C29 /* PinnedRepositoriesSettingsView.swift in Sources */ = {isa = PBXBuildFile; fileRef = 71D454931E2AAFE022095FA7 /* PinnedRepositoriesSettingsView.swift */; };
		43A39E1D85DFA5D292E4D258 /* GitHubBarCore in Frameworks */ = {isa = PBXBuildFile; productRef = 10697BA3CB9F8BCD98262056 /* GitHubBarCore */; };
		4E861E74CE10041FA7DDD5C3 /* ApplicationMenuController.swift in Sources */ = {isa = PBXBuildFile; fileRef = 5CE41C26ABE21A457E830821 /* ApplicationMenuController.swift */; };
		54C3DE85335363A079158DDF /* AccountConnectionView.swift in Sources */ = {isa = PBXBuildFile; fileRef = 685E6864EC15CF08046AF835 /* AccountConnectionView.swift */; };
		5545D32255BB93E13B0DD1B9 /* SettingsWindowController.swift in Sources */ = {isa = PBXBuildFile; fileRef = B84D614FD57185277F2F77F2 /* SettingsWindowController.swift */; };
		613BD46ADBAE74F5476ADF1B /* GlobalHotKeyController.swift in Sources */ = {isa = PBXBuildFile; fileRef = 4E92E7653755A1285ACBB51A /* GlobalHotKeyController.swift */; };
		65679A108BD941742103A172 /* MacLaunchAtLoginController.swift in Sources */ = {isa = PBXBuildFile; fileRef = 413C65D56097A21D67B2DFEC /* MacLaunchAtLoginController.swift */; };
		6C570A0F606EA7D7AE56A2A2 /* UpdateController.swift in Sources */ = {isa = PBXBuildFile; fileRef = C39E485BC4A03542878D61F2 /* UpdateController.swift */; };
		92D81BE0493C6FAEDF136177 /* RepositoryScopeControl.swift in Sources */ = {isa = PBXBuildFile; fileRef = D582835D6F15750A7B876847 /* RepositoryScopeControl.swift */; };
		981043800D9A3D281B9FB819 /* MenuActionRow.swift in Sources */ = {isa = PBXBuildFile; fileRef = 78AE4A990C81D192A301DE12 /* MenuActionRow.swift */; };
		A9BA698E6D882DD71A2D7480 /* UpdateControllerTests.swift in Sources */ = {isa = PBXBuildFile; fileRef = 3B9813F72CF2F4CB20333095 /* UpdateControllerTests.swift */; };
		A9EFD432CF5BB3454F211213 /* SparkleUpdateController.swift in Sources */ = {isa = PBXBuildFile; fileRef = DD9F73DA43CC365AD4AB94DE /* SparkleUpdateController.swift */; };
		AC9E4DF525406EC58650E413 /* AppDelegate.swift in Sources */ = {isa = PBXBuildFile; fileRef = 6FCA7F94A99E37FDFC8C9470 /* AppDelegate.swift */; };
		B172F00F0C2EC95745C3DF43 /* AvatarImageCache.swift in Sources */ = {isa = PBXBuildFile; fileRef = 802629216ED5CE8877D7837C /* AvatarImageCache.swift */; };
		B5EB0FFF8FE8ACFF9C185652 /* PullRequestRow.swift in Sources */ = {isa = PBXBuildFile; fileRef = B6CF0FB24B12896466FD2E72 /* PullRequestRow.swift */; };
		C0EFC1B2F18736A240AC0F16 /* SettingsView.swift in Sources */ = {isa = PBXBuildFile; fileRef = 9DC54AA23EDF526A120E685B /* SettingsView.swift */; };
		C4365C499C9F8EFB21D56CBC /* PopoverView.swift in Sources */ = {isa = PBXBuildFile; fileRef = 38380275717FD18A95869865 /* PopoverView.swift */; };
		D10A85FE5C3AF7F100FAF722 /* StatusItemMenu.swift in Sources */ = {isa = PBXBuildFile; fileRef = 48506E36134F710544DC49CA /* StatusItemMenu.swift */; };
		D48F19C02711831D9678C4D1 /* Sparkle in Frameworks */ = {isa = PBXBuildFile; productRef = F6E61A749B9AF8CCF4DDD2D6 /* Sparkle */; };
		DE1ED625BE58BCFBBAF98CC9 /* WorkloadSection.swift in Sources */ = {isa = PBXBuildFile; fileRef = A9BBAE50AD7E339CECA2EAA2 /* WorkloadSection.swift */; };
		E4D2AA6C419BAA7A57217BE8 /* StatusItemController.swift in Sources */ = {isa = PBXBuildFile; fileRef = A08B252F35CACF12F8B1CA03 /* StatusItemController.swift */; };
		EA70C75EAE03957D64C8A89A /* IdentityAvatarImage.swift in Sources */ = {isa = PBXBuildFile; fileRef = CC8F49D83D230FB079EF27B2 /* IdentityAvatarImage.swift */; };
		F751EBF210E1E91BB7E0B863 /* AppModel.swift in Sources */ = {isa = PBXBuildFile; fileRef = 15A06FCA62CDE78A733A5E75 /* AppModel.swift */; };
/* End PBXBuildFile section */

/* Begin PBXContainerItemProxy section */
		8AD9B34FB18D02E32A1E2CF3 /* PBXContainerItemProxy */ = {
			isa = PBXContainerItemProxy;
			containerPortal = 922DF8998C5CE548D87DE52F /* Project object */;
			proxyType = 1;
			remoteGlobalIDString = B891217D4FC14D04B6B1A200;
			remoteInfo = GitHubBar;
		};
/* End PBXContainerItemProxy section */

/* Begin PBXFileReference section */
		0CC8053760D622F2FF04D61B /* StatusIconRenderer.swift */ = {isa = PBXFileReference; lastKnownFileType = sourcecode.swift; path = StatusIconRenderer.swift; sourceTree = "<group>"; };
		15A06FCA62CDE78A733A5E75 /* AppModel.swift */ = {isa = PBXFileReference; lastKnownFileType = sourcecode.swift; path = AppModel.swift; sourceTree = "<group>"; };
		2F9AA3176DC588A1F2C25514 /* GitHubBar.entitlements */ = {isa = PBXFileReference; lastKnownFileType = text.plist.entitlements; path = GitHubBar.entitlements; sourceTree = "<group>"; };
		38380275717FD18A95869865 /* PopoverView.swift */ = {isa = PBXFileReference; lastKnownFileType = sourcecode.swift; path = PopoverView.swift; sourceTree = "<group>"; };
		3B9813F72CF2F4CB20333095 /* UpdateControllerTests.swift */ = {isa = PBXFileReference; lastKnownFileType = sourcecode.swift; path = UpdateControllerTests.swift; sourceTree = "<group>"; };
		413C65D56097A21D67B2DFEC /* MacLaunchAtLoginController.swift */ = {isa = PBXFileReference; lastKnownFileType = sourcecode.swift; path = MacLaunchAtLoginController.swift; sourceTree = "<group>"; };
		48506E36134F710544DC49CA /* StatusItemMenu.swift */ = {isa = PBXFileReference; lastKnownFileType = sourcecode.swift; path = StatusItemMenu.swift; sourceTree = "<group>"; };
		4E92E7653755A1285ACBB51A /* GlobalHotKeyController.swift */ = {isa = PBXFileReference; lastKnownFileType = sourcecode.swift; path = GlobalHotKeyController.swift; sourceTree = "<group>"; };
		5CE41C26ABE21A457E830821 /* ApplicationMenuController.swift */ = {isa = PBXFileReference; lastKnownFileType = sourcecode.swift; path = ApplicationMenuController.swift; sourceTree = "<group>"; };
		685E6864EC15CF08046AF835 /* AccountConnectionView.swift */ = {isa = PBXFileReference; lastKnownFileType = sourcecode.swift; path = AccountConnectionView.swift; sourceTree = "<group>"; };
		6FCA7F94A99E37FDFC8C9470 /* AppDelegate.swift */ = {isa = PBXFileReference; lastKnownFileType = sourcecode.swift; path = AppDelegate.swift; sourceTree = "<group>"; };
		71D454931E2AAFE022095FA7 /* PinnedRepositoriesSettingsView.swift */ = {isa = PBXFileReference; lastKnownFileType = sourcecode.swift; path = PinnedRepositoriesSettingsView.swift; sourceTree = "<group>"; };
		78AE4A990C81D192A301DE12 /* MenuActionRow.swift */ = {isa = PBXFileReference; lastKnownFileType = sourcecode.swift; path = MenuActionRow.swift; sourceTree = "<group>"; };
		802629216ED5CE8877D7837C /* AvatarImageCache.swift */ = {isa = PBXFileReference; lastKnownFileType = sourcecode.swift; path = AvatarImageCache.swift; sourceTree = "<group>"; };
		8A914524DE738D5B82F7761E /* Main.swift */ = {isa = PBXFileReference; lastKnownFileType = sourcecode.swift; path = Main.swift; sourceTree = "<group>"; };
		995B46C428EA3A7FD5CFB7E0 /* GitHubBarTests.xctest */ = {isa = PBXFileReference; explicitFileType = wrapper.cfbundle; includeInIndex = 0; path = GitHubBarTests.xctest; sourceTree = BUILT_PRODUCTS_DIR; };
		9DC54AA23EDF526A120E685B /* SettingsView.swift */ = {isa = PBXFileReference; lastKnownFileType = sourcecode.swift; path = SettingsView.swift; sourceTree = "<group>"; };
		A08B252F35CACF12F8B1CA03 /* StatusItemController.swift */ = {isa = PBXFileReference; lastKnownFileType = sourcecode.swift; path = StatusItemController.swift; sourceTree = "<group>"; };
		A9BBAE50AD7E339CECA2EAA2 /* WorkloadSection.swift */ = {isa = PBXFileReference; lastKnownFileType = sourcecode.swift; path = WorkloadSection.swift; sourceTree = "<group>"; };
		AA99EBD1853442455EADF839 /* GitHubBarCore */ = {isa = PBXFileReference; lastKnownFileType = folder; name = GitHubBarCore; path = Packages/GitHubBarCore; sourceTree = SOURCE_ROOT; };
		B1BBCCEA1002710C169F6641 /* AppActions.swift */ = {isa = PBXFileReference; lastKnownFileType = sourcecode.swift; path = AppActions.swift; sourceTree = "<group>"; };
		B6CF0FB24B12896466FD2E72 /* PullRequestRow.swift */ = {isa = PBXFileReference; lastKnownFileType = sourcecode.swift; path = PullRequestRow.swift; sourceTree = "<group>"; };
		B84D614FD57185277F2F77F2 /* SettingsWindowController.swift */ = {isa = PBXFileReference; lastKnownFileType = sourcecode.swift; path = SettingsWindowController.swift; sourceTree = "<group>"; };
		C39E485BC4A03542878D61F2 /* UpdateController.swift */ = {isa = PBXFileReference; lastKnownFileType = sourcecode.swift; path = UpdateController.swift; sourceTree = "<group>"; };
		CC8F49D83D230FB079EF27B2 /* IdentityAvatarImage.swift */ = {isa = PBXFileReference; lastKnownFileType = sourcecode.swift; path = IdentityAvatarImage.swift; sourceTree = "<group>"; };
		D15FD62343E9B992072D0358 /* GitHubBar.app */ = {isa = PBXFileReference; explicitFileType = wrapper.application; includeInIndex = 0; path = GitHubBar.app; sourceTree = BUILT_PRODUCTS_DIR; };
		D582835D6F15750A7B876847 /* RepositoryScopeControl.swift */ = {isa = PBXFileReference; lastKnownFileType = sourcecode.swift; path = RepositoryScopeControl.swift; sourceTree = "<group>"; };
		DD9F73DA43CC365AD4AB94DE /* SparkleUpdateController.swift */ = {isa = PBXFileReference; lastKnownFileType = sourcecode.swift; path = SparkleUpdateController.swift; sourceTree = "<group>"; };
/* End PBXFileReference section */

/* Begin PBXFrameworksBuildPhase section */
		4F3274C076405617B5CB1A18 /* Frameworks */ = {
			isa = PBXFrameworksBuildPhase;
			buildActionMask = 2147483647;
			files = (
				43A39E1D85DFA5D292E4D258 /* GitHubBarCore in Frameworks */,
				D48F19C02711831D9678C4D1 /* Sparkle in Frameworks */,
			);
			runOnlyForDeploymentPostprocessing = 0;
		};
/* End PBXFrameworksBuildPhase section */

/* Begin PBXGroup section */
		0C8E6ECCBA3FDC3514B7BDEA = {
			isa = PBXGroup;
			children = (
				4DF240D8141602804745F7BE /* GitHubBar */,
				1C30734206E57128FA29FCC6 /* GitHubBarTests */,
				0DAAB9F6FEFEED7BA5F9E27D /* Packages */,
				9D9B197E0DA94886CC0492C6 /* Products */,
			);
			sourceTree = "<group>";
		};
		0DAAB9F6FEFEED7BA5F9E27D /* Packages */ = {
			isa = PBXGroup;
			children = (
				AA99EBD1853442455EADF839 /* GitHubBarCore */,
			);
			path = Packages;
			sourceTree = "<group>";
		};
		1C30734206E57128FA29FCC6 /* GitHubBarTests */ = {
			isa = PBXGroup;
			children = (
				3B9813F72CF2F4CB20333095 /* UpdateControllerTests.swift */,
			);
			path = GitHubBarTests;
			sourceTree = "<group>";
		};
		1DE02AB997A254889A3EA47C /* Settings */ = {
			isa = PBXGroup;
			children = (
				413C65D56097A21D67B2DFEC /* MacLaunchAtLoginController.swift */,
				71D454931E2AAFE022095FA7 /* PinnedRepositoriesSettingsView.swift */,
				9DC54AA23EDF526A120E685B /* SettingsView.swift */,
				B84D614FD57185277F2F77F2 /* SettingsWindowController.swift */,
			);
			path = Settings;
			sourceTree = "<group>";
		};
		1ED7C47E351A59C890B995F7 /* Popover */ = {
			isa = PBXGroup;
			children = (
				685E6864EC15CF08046AF835 /* AccountConnectionView.swift */,
				78AE4A990C81D192A301DE12 /* MenuActionRow.swift */,
				38380275717FD18A95869865 /* PopoverView.swift */,
				B6CF0FB24B12896466FD2E72 /* PullRequestRow.swift */,
				D582835D6F15750A7B876847 /* RepositoryScopeControl.swift */,
				A9BBAE50AD7E339CECA2EAA2 /* WorkloadSection.swift */,
			);
			path = Popover;
			sourceTree = "<group>";
		};
		20A4EFFF5F8C522C34BE351C /* Resources */ = {
			isa = PBXGroup;
			children = (
				2F9AA3176DC588A1F2C25514 /* GitHubBar.entitlements */,
			);
			path = Resources;
			sourceTree = "<group>";
		};
		4DF240D8141602804745F7BE /* GitHubBar */ = {
			isa = PBXGroup;
			children = (
				96DF2C70DB1C6ECCF2CE1A7C /* App */,
				1ED7C47E351A59C890B995F7 /* Popover */,
				20A4EFFF5F8C522C34BE351C /* Resources */,
				1DE02AB997A254889A3EA47C /* Settings */,
				664BF2130F661C37F664BE8B /* Shared */,
				510DF463139BB7332C9A1393 /* StatusItem */,
				FB7B75FB3ED8350CA3FFC76A /* Updates */,
			);
			path = GitHubBar;
			sourceTree = "<group>";
		};
		510DF463139BB7332C9A1393 /* StatusItem */ = {
			isa = PBXGroup;
			children = (
				0CC8053760D622F2FF04D61B /* StatusIconRenderer.swift */,
				A08B252F35CACF12F8B1CA03 /* StatusItemController.swift */,
				48506E36134F710544DC49CA /* StatusItemMenu.swift */,
			);
			path = StatusItem;
			sourceTree = "<group>";
		};
		664BF2130F661C37F664BE8B /* Shared */ = {
			isa = PBXGroup;
			children = (
				802629216ED5CE8877D7837C /* AvatarImageCache.swift */,
				CC8F49D83D230FB079EF27B2 /* IdentityAvatarImage.swift */,
			);
			path = Shared;
			sourceTree = "<group>";
		};
		96DF2C70DB1C6ECCF2CE1A7C /* App */ = {
			isa = PBXGroup;
			children = (
				B1BBCCEA1002710C169F6641 /* AppActions.swift */,
				6FCA7F94A99E37FDFC8C9470 /* AppDelegate.swift */,
				5CE41C26ABE21A457E830821 /* ApplicationMenuController.swift */,
				15A06FCA62CDE78A733A5E75 /* AppModel.swift */,
				4E92E7653755A1285ACBB51A /* GlobalHotKeyController.swift */,
				8A914524DE738D5B82F7761E /* Main.swift */,
			);
			path = App;
			sourceTree = "<group>";
		};
		9D9B197E0DA94886CC0492C6 /* Products */ = {
			isa = PBXGroup;
			children = (
				D15FD62343E9B992072D0358 /* GitHubBar.app */,
				995B46C428EA3A7FD5CFB7E0 /* GitHubBarTests.xctest */,
			);
			name = Products;
			sourceTree = "<group>";
		};
		FB7B75FB3ED8350CA3FFC76A /* Updates */ = {
			isa = PBXGroup;
			children = (
				DD9F73DA43CC365AD4AB94DE /* SparkleUpdateController.swift */,
				C39E485BC4A03542878D61F2 /* UpdateController.swift */,
			);
			path = Updates;
			sourceTree = "<group>";
		};
/* End PBXGroup section */

/* Begin PBXNativeTarget section */
		74C204BD8752C53AECD260EE /* GitHubBarTests */ = {
			isa = PBXNativeTarget;
			buildConfigurationList = FA273A656B1183E4C1923026 /* Build configuration list for PBXNativeTarget "GitHubBarTests" */;
			buildPhases = (
				C26C1CC352B77D8A5BDFF75F /* Sources */,
			);
			buildRules = (
			);
			dependencies = (
				8831B127D816BE224F945AA6 /* PBXTargetDependency */,
			);
			name = GitHubBarTests;
			packageProductDependencies = (
			);
			productName = GitHubBarTests;
			productReference = 995B46C428EA3A7FD5CFB7E0 /* GitHubBarTests.xctest */;
			productType = "com.apple.product-type.bundle.unit-test";
		};
		B891217D4FC14D04B6B1A200 /* GitHubBar */ = {
			isa = PBXNativeTarget;
			buildConfigurationList = 3F9729B1804DD8BEB4CFB8B4 /* Build configuration list for PBXNativeTarget "GitHubBar" */;
			buildPhases = (
				E54B3F50E8F2F251A09AD86A /* Sources */,
				4F3274C076405617B5CB1A18 /* Frameworks */,
			);
			buildRules = (
			);
			dependencies = (
			);
			name = GitHubBar;
			packageProductDependencies = (
				10697BA3CB9F8BCD98262056 /* GitHubBarCore */,
				F6E61A749B9AF8CCF4DDD2D6 /* Sparkle */,
			);
			productName = GitHubBar;
			productReference = D15FD62343E9B992072D0358 /* GitHubBar.app */;
			productType = "com.apple.product-type.application";
		};
/* End PBXNativeTarget section */

/* Begin PBXProject section */
		922DF8998C5CE548D87DE52F /* Project object */ = {
			isa = PBXProject;
			attributes = {
				BuildIndependentTargetsInParallel = YES;
				LastUpgradeCheck = 1430;
				TargetAttributes = {
				};
			};
			buildConfigurationList = E6FE252BBDB37D56321E209E /* Build configuration list for PBXProject "GitHubBar" */;
			developmentRegion = en;
			hasScannedForEncodings = 0;
			knownRegions = (
				Base,
				en,
			);
			mainGroup = 0C8E6ECCBA3FDC3514B7BDEA;
			minimizedProjectReferenceProxies = 1;
			packageReferences = (
				C5A592E032D5B015DA64B649 /* XCRemoteSwiftPackageReference "Sparkle" */,
				C31BA7F9F98E84FD6BFA1130 /* XCLocalSwiftPackageReference "Packages/GitHubBarCore" */,
			);
			preferredProjectObjectVersion = 77;
			productRefGroup = 9D9B197E0DA94886CC0492C6 /* Products */;
			projectDirPath = "";
			projectRoot = "";
			targets = (
				B891217D4FC14D04B6B1A200 /* GitHubBar */,
				74C204BD8752C53AECD260EE /* GitHubBarTests */,
			);
		};
/* End PBXProject section */

/* Begin PBXSourcesBuildPhase section */
		C26C1CC352B77D8A5BDFF75F /* Sources */ = {
			isa = PBXSourcesBuildPhase;
			buildActionMask = 2147483647;
			files = (
				A9BA698E6D882DD71A2D7480 /* UpdateControllerTests.swift in Sources */,
			);
			runOnlyForDeploymentPostprocessing = 0;
		};
		E54B3F50E8F2F251A09AD86A /* Sources */ = {
			isa = PBXSourcesBuildPhase;
			buildActionMask = 2147483647;
			files = (
				54C3DE85335363A079158DDF /* AccountConnectionView.swift in Sources */,
				20DF0B41D014762ECA024BCB /* AppActions.swift in Sources */,
				AC9E4DF525406EC58650E413 /* AppDelegate.swift in Sources */,
				F751EBF210E1E91BB7E0B863 /* AppModel.swift in Sources */,
				4E861E74CE10041FA7DDD5C3 /* ApplicationMenuController.swift in Sources */,
				B172F00F0C2EC95745C3DF43 /* AvatarImageCache.swift in Sources */,
				613BD46ADBAE74F5476ADF1B /* GlobalHotKeyController.swift in Sources */,
				EA70C75EAE03957D64C8A89A /* IdentityAvatarImage.swift in Sources */,
				65679A108BD941742103A172 /* MacLaunchAtLoginController.swift in Sources */,
				17D216F8F91FE77B7AE0AD34 /* Main.swift in Sources */,
				981043800D9A3D281B9FB819 /* MenuActionRow.swift in Sources */,
				33F3A109BE94C8CCF3972C29 /* PinnedRepositoriesSettingsView.swift in Sources */,
				C4365C499C9F8EFB21D56CBC /* PopoverView.swift in Sources */,
				B5EB0FFF8FE8ACFF9C185652 /* PullRequestRow.swift in Sources */,
				92D81BE0493C6FAEDF136177 /* RepositoryScopeControl.swift in Sources */,
				C0EFC1B2F18736A240AC0F16 /* SettingsView.swift in Sources */,
				5545D32255BB93E13B0DD1B9 /* SettingsWindowController.swift in Sources */,
				A9EFD432CF5BB3454F211213 /* SparkleUpdateController.swift in Sources */,
				24D394E5E965795763EAAEF4 /* StatusIconRenderer.swift in Sources */,
				E4D2AA6C419BAA7A57217BE8 /* StatusItemController.swift in Sources */,
				D10A85FE5C3AF7F100FAF722 /* StatusItemMenu.swift in Sources */,
				6C570A0F606EA7D7AE56A2A2 /* UpdateController.swift in Sources */,
				DE1ED625BE58BCFBBAF98CC9 /* WorkloadSection.swift in Sources */,
			);
			runOnlyForDeploymentPostprocessing = 0;
		};
/* End PBXSourcesBuildPhase section */

/* Begin PBXTargetDependency section */
		8831B127D816BE224F945AA6 /* PBXTargetDependency */ = {
			isa = PBXTargetDependency;
			target = B891217D4FC14D04B6B1A200 /* GitHubBar */;
			targetProxy = 8AD9B34FB18D02E32A1E2CF3 /* PBXContainerItemProxy */;
		};
/* End PBXTargetDependency section */

/* Begin XCBuildConfiguration section */
		1C2457CBC74D21FDF4006671 /* Release */ = {
			isa = XCBuildConfiguration;
			buildSettings = {
				BUNDLE_LOADER = "$(TEST_HOST)";
				COMBINE_HIDPI_IMAGES = YES;
				LD_RUNPATH_SEARCH_PATHS = (
					"$(inherited)",
					"@executable_path/../Frameworks",
					"@loader_path/../Frameworks",
				);
				PRODUCT_BUNDLE_IDENTIFIER = com.franciscomoretti.githubbar.tests;
				SDKROOT = macosx;
				TEST_HOST = "$(BUILT_PRODUCTS_DIR)/GitHubBar.app/Contents/MacOS/GitHubBar";
			};
			name = Release;
		};
		4A8491EA77F38B760EF662D4 /* Release */ = {
			isa = XCBuildConfiguration;
			buildSettings = {
				ALWAYS_SEARCH_USER_PATHS = NO;
				CLANG_ANALYZER_NONNULL = YES;
				CLANG_ANALYZER_NUMBER_OBJECT_CONVERSION = YES_AGGRESSIVE;
				CLANG_CXX_LANGUAGE_STANDARD = "gnu++14";
				CLANG_CXX_LIBRARY = "libc++";
				CLANG_ENABLE_MODULES = YES;
				CLANG_ENABLE_OBJC_ARC = YES;
				CLANG_ENABLE_OBJC_WEAK = YES;
				CLANG_WARN_BLOCK_CAPTURE_AUTORELEASING = YES;
				CLANG_WARN_BOOL_CONVERSION = YES;
				CLANG_WARN_COMMA = YES;
				CLANG_WARN_CONSTANT_CONVERSION = YES;
				CLANG_WARN_DEPRECATED_OBJC_IMPLEMENTATIONS = YES;
				CLANG_WARN_DIRECT_OBJC_ISA_USAGE = YES_ERROR;
				CLANG_WARN_DOCUMENTATION_COMMENTS = YES;
				CLANG_WARN_EMPTY_BODY = YES;
				CLANG_WARN_ENUM_CONVERSION = YES;
				CLANG_WARN_INFINITE_RECURSION = YES;
				CLANG_WARN_INT_CONVERSION = YES;
				CLANG_WARN_NON_LITERAL_NULL_CONVERSION = YES;
				CLANG_WARN_OBJC_IMPLICIT_RETAIN_SELF = YES;
				CLANG_WARN_OBJC_LITERAL_CONVERSION = YES;
				CLANG_WARN_OBJC_ROOT_CLASS = YES_ERROR;
				CLANG_WARN_QUOTED_INCLUDE_IN_FRAMEWORK_HEADER = YES;
				CLANG_WARN_RANGE_LOOP_ANALYSIS = YES;
				CLANG_WARN_STRICT_PROTOTYPES = YES;
				CLANG_WARN_SUSPICIOUS_MOVE = YES;
				CLANG_WARN_UNGUARDED_AVAILABILITY = YES_AGGRESSIVE;
				CLANG_WARN_UNREACHABLE_CODE = YES;
				CLANG_WARN__DUPLICATE_METHOD_MATCH = YES;
				COPY_PHASE_STRIP = NO;
				DEBUG_INFORMATION_FORMAT = "dwarf-with-dsym";
				ENABLE_NS_ASSERTIONS = NO;
				ENABLE_STRICT_OBJC_MSGSEND = YES;
				ENABLE_USER_SCRIPT_SANDBOXING = YES;
				GCC_C_LANGUAGE_STANDARD = gnu11;
				GCC_NO_COMMON_BLOCKS = YES;
				GCC_WARN_64_TO_32_BIT_CONVERSION = YES;
				GCC_WARN_ABOUT_RETURN_TYPE = YES_ERROR;
				GCC_WARN_UNDECLARED_SELECTOR = YES;
				GCC_WARN_UNINITIALIZED_AUTOS = YES_AGGRESSIVE;
				GCC_WARN_UNUSED_FUNCTION = YES;
				GCC_WARN_UNUSED_VARIABLE = YES;
				MACOSX_DEPLOYMENT_TARGET = 14.0;
				MTL_ENABLE_DEBUG_INFO = NO;
				MTL_FAST_MATH = YES;
				PRODUCT_NAME = "$(TARGET_NAME)";
				SDKROOT = macosx;
				SWIFT_COMPILATION_MODE = wholemodule;
				SWIFT_OPTIMIZATION_LEVEL = "-O";
				SWIFT_STRICT_CONCURRENCY = complete;
				SWIFT_VERSION = 6.0;
			};
			name = Release;
		};
		697A37A84CC96B72C7389CFD /* Debug */ = {
			isa = XCBuildConfiguration;
			buildSettings = {
				ASSETCATALOG_COMPILER_APPICON_NAME = AppIcon;
				CODE_SIGN_ENTITLEMENTS = GitHubBar/Resources/GitHubBar.entitlements;
				CODE_SIGN_STYLE = Automatic;
				COMBINE_HIDPI_IMAGES = YES;
				CURRENT_PROJECT_VERSION = 1;
				ENABLE_HARDENED_RUNTIME = YES;
				GENERATE_INFOPLIST_FILE = NO;
				GITHUBBAR_SPARKLE_FEED_URL = "https://github.com/FranciscoMoretti/GitHubBar/releases/latest/download/appcast.xml";
				GITHUBBAR_SPARKLE_PUBLIC_KEY = "";
				INFOPLIST_FILE = GitHubBar/Resources/Info.plist;
				LD_RUNPATH_SEARCH_PATHS = (
					"$(inherited)",
					"@executable_path/../Frameworks",
				);
				MARKETING_VERSION = 0.1.0;
				PRODUCT_BUNDLE_IDENTIFIER = com.franciscomoretti.githubbar;
				PRODUCT_NAME = GitHubBar;
				SDKROOT = macosx;
			};
			name = Debug;
		};
		72EB746FD9236AC5D10A384A /* Stable */ = {
			isa = XCBuildConfiguration;
			buildSettings = {
				ASSETCATALOG_COMPILER_APPICON_NAME = AppIcon;
				CODE_SIGN_ENTITLEMENTS = GitHubBar/Resources/GitHubBar.entitlements;
				CODE_SIGN_STYLE = Manual;
				COMBINE_HIDPI_IMAGES = YES;
				CURRENT_PROJECT_VERSION = 1;
				ENABLE_HARDENED_RUNTIME = YES;
				GENERATE_INFOPLIST_FILE = NO;
				GITHUBBAR_SPARKLE_FEED_URL = "https://github.com/FranciscoMoretti/GitHubBar/releases/latest/download/appcast.xml";
				GITHUBBAR_SPARKLE_PUBLIC_KEY = "";
				INFOPLIST_FILE = GitHubBar/Resources/Info.plist;
				LD_RUNPATH_SEARCH_PATHS = (
					"$(inherited)",
					"@executable_path/../Frameworks",
				);
				MARKETING_VERSION = 0.1.0;
				OTHER_CODE_SIGN_FLAGS = "--timestamp";
				PRODUCT_BUNDLE_IDENTIFIER = com.franciscomoretti.githubbar;
				PRODUCT_NAME = GitHubBar;
				SDKROOT = macosx;
				SWIFT_ACTIVE_COMPILATION_CONDITIONS = "$(inherited) GITHUBBAR_STABLE";
			};
			name = Stable;
		};
		7C173357AC54452EDF3DF09E /* Debug */ = {
			isa = XCBuildConfiguration;
			buildSettings = {
				ALWAYS_SEARCH_USER_PATHS = NO;
				CLANG_ANALYZER_NONNULL = YES;
				CLANG_ANALYZER_NUMBER_OBJECT_CONVERSION = YES_AGGRESSIVE;
				CLANG_CXX_LANGUAGE_STANDARD = "gnu++14";
				CLANG_CXX_LIBRARY = "libc++";
				CLANG_ENABLE_MODULES = YES;
				CLANG_ENABLE_OBJC_ARC = YES;
				CLANG_ENABLE_OBJC_WEAK = YES;
				CLANG_WARN_BLOCK_CAPTURE_AUTORELEASING = YES;
				CLANG_WARN_BOOL_CONVERSION = YES;
				CLANG_WARN_COMMA = YES;
				CLANG_WARN_CONSTANT_CONVERSION = YES;
				CLANG_WARN_DEPRECATED_OBJC_IMPLEMENTATIONS = YES;
				CLANG_WARN_DIRECT_OBJC_ISA_USAGE = YES_ERROR;
				CLANG_WARN_DOCUMENTATION_COMMENTS = YES;
				CLANG_WARN_EMPTY_BODY = YES;
				CLANG_WARN_ENUM_CONVERSION = YES;
				CLANG_WARN_INFINITE_RECURSION = YES;
				CLANG_WARN_INT_CONVERSION = YES;
				CLANG_WARN_NON_LITERAL_NULL_CONVERSION = YES;
				CLANG_WARN_OBJC_IMPLICIT_RETAIN_SELF = YES;
				CLANG_WARN_OBJC_LITERAL_CONVERSION = YES;
				CLANG_WARN_OBJC_ROOT_CLASS = YES_ERROR;
				CLANG_WARN_QUOTED_INCLUDE_IN_FRAMEWORK_HEADER = YES;
				CLANG_WARN_RANGE_LOOP_ANALYSIS = YES;
				CLANG_WARN_STRICT_PROTOTYPES = YES;
				CLANG_WARN_SUSPICIOUS_MOVE = YES;
				CLANG_WARN_UNGUARDED_AVAILABILITY = YES_AGGRESSIVE;
				CLANG_WARN_UNREACHABLE_CODE = YES;
				CLANG_WARN__DUPLICATE_METHOD_MATCH = YES;
				COPY_PHASE_STRIP = NO;
				DEBUG_INFORMATION_FORMAT = dwarf;
				ENABLE_STRICT_OBJC_MSGSEND = YES;
				ENABLE_TESTABILITY = YES;
				ENABLE_USER_SCRIPT_SANDBOXING = YES;
				GCC_C_LANGUAGE_STANDARD = gnu11;
				GCC_DYNAMIC_NO_PIC = NO;
				GCC_NO_COMMON_BLOCKS = YES;
				GCC_OPTIMIZATION_LEVEL = 0;
				GCC_PREPROCESSOR_DEFINITIONS = (
					"$(inherited)",
					"DEBUG=1",
				);
				GCC_WARN_64_TO_32_BIT_CONVERSION = YES;
				GCC_WARN_ABOUT_RETURN_TYPE = YES_ERROR;
				GCC_WARN_UNDECLARED_SELECTOR = YES;
				GCC_WARN_UNINITIALIZED_AUTOS = YES_AGGRESSIVE;
				GCC_WARN_UNUSED_FUNCTION = YES;
				GCC_WARN_UNUSED_VARIABLE = YES;
				MACOSX_DEPLOYMENT_TARGET = 14.0;
				MTL_ENABLE_DEBUG_INFO = INCLUDE_SOURCE;
				MTL_FAST_MATH = YES;
				ONLY_ACTIVE_ARCH = YES;
				PRODUCT_NAME = "$(TARGET_NAME)";
				SDKROOT = macosx;
				SWIFT_ACTIVE_COMPILATION_CONDITIONS = DEBUG;
				SWIFT_OPTIMIZATION_LEVEL = "-Onone";
				SWIFT_STRICT_CONCURRENCY = complete;
				SWIFT_VERSION = 6.0;
			};
			name = Debug;
		};
		97DDA2FC13048BE95CC51A6D /* Stable */ = {
			isa = XCBuildConfiguration;
			buildSettings = {
				BUNDLE_LOADER = "$(TEST_HOST)";
				COMBINE_HIDPI_IMAGES = YES;
				LD_RUNPATH_SEARCH_PATHS = (
					"$(inherited)",
					"@executable_path/../Frameworks",
					"@loader_path/../Frameworks",
				);
				PRODUCT_BUNDLE_IDENTIFIER = com.franciscomoretti.githubbar.tests;
				SDKROOT = macosx;
				TEST_HOST = "$(BUILT_PRODUCTS_DIR)/GitHubBar.app/Contents/MacOS/GitHubBar";
			};
			name = Stable;
		};
		A55AB1017BF0263585A24B6A /* Stable */ = {
			isa = XCBuildConfiguration;
			buildSettings = {
				ALWAYS_SEARCH_USER_PATHS = NO;
				CLANG_ANALYZER_NONNULL = YES;
				CLANG_ANALYZER_NUMBER_OBJECT_CONVERSION = YES_AGGRESSIVE;
				CLANG_CXX_LANGUAGE_STANDARD = "gnu++14";
				CLANG_CXX_LIBRARY = "libc++";
				CLANG_ENABLE_MODULES = YES;
				CLANG_ENABLE_OBJC_ARC = YES;
				CLANG_ENABLE_OBJC_WEAK = YES;
				CLANG_WARN_BLOCK_CAPTURE_AUTORELEASING = YES;
				CLANG_WARN_BOOL_CONVERSION = YES;
				CLANG_WARN_COMMA = YES;
				CLANG_WARN_CONSTANT_CONVERSION = YES;
				CLANG_WARN_DEPRECATED_OBJC_IMPLEMENTATIONS = YES;
				CLANG_WARN_DIRECT_OBJC_ISA_USAGE = YES_ERROR;
				CLANG_WARN_DOCUMENTATION_COMMENTS = YES;
				CLANG_WARN_EMPTY_BODY = YES;
				CLANG_WARN_ENUM_CONVERSION = YES;
				CLANG_WARN_INFINITE_RECURSION = YES;
				CLANG_WARN_INT_CONVERSION = YES;
				CLANG_WARN_NON_LITERAL_NULL_CONVERSION = YES;
				CLANG_WARN_OBJC_IMPLICIT_RETAIN_SELF = YES;
				CLANG_WARN_OBJC_LITERAL_CONVERSION = YES;
				CLANG_WARN_OBJC_ROOT_CLASS = YES_ERROR;
				CLANG_WARN_QUOTED_INCLUDE_IN_FRAMEWORK_HEADER = YES;
				CLANG_WARN_RANGE_LOOP_ANALYSIS = YES;
				CLANG_WARN_STRICT_PROTOTYPES = YES;
				CLANG_WARN_SUSPICIOUS_MOVE = YES;
				CLANG_WARN_UNGUARDED_AVAILABILITY = YES_AGGRESSIVE;
				CLANG_WARN_UNREACHABLE_CODE = YES;
				CLANG_WARN__DUPLICATE_METHOD_MATCH = YES;
				COPY_PHASE_STRIP = NO;
				DEBUG_INFORMATION_FORMAT = "dwarf-with-dsym";
				ENABLE_NS_ASSERTIONS = NO;
				ENABLE_STRICT_OBJC_MSGSEND = YES;
				ENABLE_USER_SCRIPT_SANDBOXING = YES;
				GCC_C_LANGUAGE_STANDARD = gnu11;
				GCC_NO_COMMON_BLOCKS = YES;
				GCC_WARN_64_TO_32_BIT_CONVERSION = YES;
				GCC_WARN_ABOUT_RETURN_TYPE = YES_ERROR;
				GCC_WARN_UNDECLARED_SELECTOR = YES;
				GCC_WARN_UNINITIALIZED_AUTOS = YES_AGGRESSIVE;
				GCC_WARN_UNUSED_FUNCTION = YES;
				GCC_WARN_UNUSED_VARIABLE = YES;
				MACOSX_DEPLOYMENT_TARGET = 14.0;
				MTL_ENABLE_DEBUG_INFO = NO;
				MTL_FAST_MATH = YES;
				PRODUCT_NAME = "$(TARGET_NAME)";
				SDKROOT = macosx;
				SWIFT_COMPILATION_MODE = wholemodule;
				SWIFT_OPTIMIZATION_LEVEL = "-O";
				SWIFT_STRICT_CONCURRENCY = complete;
				SWIFT_VERSION = 6.0;
			};
			name = Stable;
		};
		CE4B8F79A22BA739035E562A /* Debug */ = {
			isa = XCBuildConfiguration;
			buildSettings = {
				BUNDLE_LOADER = "$(TEST_HOST)";
				COMBINE_HIDPI_IMAGES = YES;
				LD_RUNPATH_SEARCH_PATHS = (
					"$(inherited)",
					"@executable_path/../Frameworks",
					"@loader_path/../Frameworks",
				);
				PRODUCT_BUNDLE_IDENTIFIER = com.franciscomoretti.githubbar.tests;
				SDKROOT = macosx;
				TEST_HOST = "$(BUILT_PRODUCTS_DIR)/GitHubBar.app/Contents/MacOS/GitHubBar";
			};
			name = Debug;
		};
		FAB11F584ED52EA2C9371924 /* Release */ = {
			isa = XCBuildConfiguration;
			buildSettings = {
				ASSETCATALOG_COMPILER_APPICON_NAME = AppIcon;
				CODE_SIGN_ENTITLEMENTS = GitHubBar/Resources/GitHubBar.entitlements;
				CODE_SIGN_STYLE = Automatic;
				COMBINE_HIDPI_IMAGES = YES;
				CURRENT_PROJECT_VERSION = 1;
				ENABLE_HARDENED_RUNTIME = YES;
				GENERATE_INFOPLIST_FILE = NO;
				GITHUBBAR_SPARKLE_FEED_URL = "https://github.com/FranciscoMoretti/GitHubBar/releases/latest/download/appcast.xml";
				GITHUBBAR_SPARKLE_PUBLIC_KEY = "";
				INFOPLIST_FILE = GitHubBar/Resources/Info.plist;
				LD_RUNPATH_SEARCH_PATHS = (
					"$(inherited)",
					"@executable_path/../Frameworks",
				);
				MARKETING_VERSION = 0.1.0;
				PRODUCT_BUNDLE_IDENTIFIER = com.franciscomoretti.githubbar;
				PRODUCT_NAME = GitHubBar;
				SDKROOT = macosx;
			};
			name = Release;
		};
/* End XCBuildConfiguration section */

/* Begin XCConfigurationList section */
		3F9729B1804DD8BEB4CFB8B4 /* Build configuration list for PBXNativeTarget "GitHubBar" */ = {
			isa = XCConfigurationList;
			buildConfigurations = (
				697A37A84CC96B72C7389CFD /* Debug */,
				FAB11F584ED52EA2C9371924 /* Release */,
				72EB746FD9236AC5D10A384A /* Stable */,
			);
			defaultConfigurationIsVisible = 0;
			defaultConfigurationName = Debug;
		};
		E6FE252BBDB37D56321E209E /* Build configuration list for PBXProject "GitHubBar" */ = {
			isa = XCConfigurationList;
			buildConfigurations = (
				7C173357AC54452EDF3DF09E /* Debug */,
				4A8491EA77F38B760EF662D4 /* Release */,
				A55AB1017BF0263585A24B6A /* Stable */,
			);
			defaultConfigurationIsVisible = 0;
			defaultConfigurationName = Debug;
		};
		FA273A656B1183E4C1923026 /* Build configuration list for PBXNativeTarget "GitHubBarTests" */ = {
			isa = XCConfigurationList;
			buildConfigurations = (
				CE4B8F79A22BA739035E562A /* Debug */,
				1C2457CBC74D21FDF4006671 /* Release */,
				97DDA2FC13048BE95CC51A6D /* Stable */,
			);
			defaultConfigurationIsVisible = 0;
			defaultConfigurationName = Debug;
		};
/* End XCConfigurationList section */

/* Begin XCLocalSwiftPackageReference section */
		C31BA7F9F98E84FD6BFA1130 /* XCLocalSwiftPackageReference "Packages/GitHubBarCore" */ = {
			isa = XCLocalSwiftPackageReference;
			relativePath = Packages/GitHubBarCore;
		};
/* End XCLocalSwiftPackageReference section */

/* Begin XCRemoteSwiftPackageReference section */
		C5A592E032D5B015DA64B649 /* XCRemoteSwiftPackageReference "Sparkle" */ = {
			isa = XCRemoteSwiftPackageReference;
			repositoryURL = "https://github.com/sparkle-project/Sparkle";
			requirement = {
				kind = exactVersion;
				version = 2.9.4;
			};
		};
/* End XCRemoteSwiftPackageReference section */

/* Begin XCSwiftPackageProductDependency section */
		10697BA3CB9F8BCD98262056 /* GitHubBarCore */ = {
			isa = XCSwiftPackageProductDependency;
			productName = GitHubBarCore;
		};
		F6E61A749B9AF8CCF4DDD2D6 /* Sparkle */ = {
			isa = XCSwiftPackageProductDependency;
			package = C5A592E032D5B015DA64B649 /* XCRemoteSwiftPackageReference "Sparkle" */;
			productName = Sparkle;
		};
/* End XCSwiftPackageProductDependency section */
	};
	rootObject = 922DF8998C5CE548D87DE52F /* Project object */;
}
